PODS:
  - Appirater (2.0.2)
  - Facebook-iOS-SDK (3.8.0)
  - MagicalRecord (2.2)
  - Mixpanel (2.0.2)
  - Parse (1.2.15):
    - Facebook-iOS-SDK (~> 3.7)
  - TWStatus (0.0.1)

DEPENDENCIES:
  - Appirater (~> 2.0.2)
  - Facebook-iOS-SDK (~> 3.8.0)
  - MagicalRecord (~> 2.2)
  - Mixpanel (~> 2.0.2)
  - Parse (~> 1.2.15)
  - TWStatus (~> 0.0.1)

SPEC CHECKSUMS:
  Appirater: 32fb9089615b5e542c7ad7b5749741a8aed55290
  Facebook-iOS-SDK: 55a22fe8bcaacd638cde9014af6b3ee85f4d71fb
  MagicalRecord: b1fc46c99a9749fe7fe7e6f43a89b62ef5201933
  Mixpanel: 7829ba2cc58d251a4674520109e9bfead76acc98
  Parse: 200f5d714e38ed4c74e93d159e6fabaf2ab8d914
  TWStatus: 7d6ba89640d45a9fcf45830d63f7f1d77720fce8

COCOAPODS: 0.24.0
