PODS:
  - Appirater (2.0.1)
  - Facebook-iOS-SDK (3.8.0)
  - MagicalRecord (2.2)
  - Mixpanel (2.0.2)

DEPENDENCIES:
  - Appirater (~> 2.0.1)
  - Facebook-iOS-SDK (~> 3.8.0)
  - MagicalRecord (~> 2.2)
  - Mixpanel (~> 2.0.0)

SPEC CHECKSUMS:
  Appirater: 10cdcb23edc2d3b225afbb4a7d110539adac9b55
  Facebook-iOS-SDK: 55a22fe8bcaacd638cde9014af6b3ee85f4d71fb
  MagicalRecord: b1fc46c99a9749fe7fe7e6f43a89b62ef5201933
  Mixpanel: 7829ba2cc58d251a4674520109e9bfead76acc98

COCOAPODS: 0.24.0
